
Microsoft Visual Studio Solution File, Format Version 12.00
# Visual Studio 15
VisualStudioVersion = 15.0.27130.2010
MinimumVisualStudioVersion = 10.0.40219.1
Project("{9A19103F-16F7-4668-BE54-9A1E7A4F7556}") = "FcmSharp.Example", "FcmSharp.Example\FcmSharp.Example.csproj", "{E5238F02-96AC-4079-9C16-72D169E1C11A}"
EndProject
Project("{9A19103F-16F7-4668-BE54-9A1E7A4F7556}") = "FcmSharp.Scheduler", "FcmSharp.Scheduler\FcmSharp.Scheduler.csproj", "{C06CCA6F-A633-475F-B29E-AA7D8C9A06DC}"
EndProject
Project("{FAE04EC0-301F-11D3-BF4B-00C04F79EFBC}") = "FcmSharp.Scheduler.Quartz", "FcmSharp.Scheduler.Quartz\FcmSharp.Scheduler.Quartz.csproj", "{C5215216-5CDC-4DE0-A2E1-4ECFDD860995}"
EndProject
Global
	GlobalSection(SolutionConfigurationPlatforms) = preSolution
		Debug|Any CPU = Debug|Any CPU
		Release|Any CPU = Release|Any CPU
	EndGlobalSection
	GlobalSection(ProjectConfigurationPlatforms) = postSolution
		{E5238F02-96AC-4079-9C16-72D169E1C11A}.Debug|Any CPU.ActiveCfg = Debug|Any CPU
		{E5238F02-96AC-4079-9C16-72D169E1C11A}.Debug|Any CPU.Build.0 = Debug|Any CPU
		{E5238F02-96AC-4079-9C16-72D169E1C11A}.Release|Any CPU.ActiveCfg = Release|Any CPU
		{E5238F02-96AC-4079-9C16-72D169E1C11A}.Release|Any CPU.Build.0 = Release|Any CPU
		{C06CCA6F-A633-475F-B29E-AA7D8C9A06DC}.Debug|Any CPU.ActiveCfg = Debug|Any CPU
		{C06CCA6F-A633-475F-B29E-AA7D8C9A06DC}.Debug|Any CPU.Build.0 = Debug|Any CPU
		{C06CCA6F-A633-475F-B29E-AA7D8C9A06DC}.Release|Any CPU.ActiveCfg = Release|Any CPU
		{C06CCA6F-A633-475F-B29E-AA7D8C9A06DC}.Release|Any CPU.Build.0 = Release|Any CPU
		{C5215216-5CDC-4DE0-A2E1-4ECFDD860995}.Debug|Any CPU.ActiveCfg = Debug|Any CPU
		{C5215216-5CDC-4DE0-A2E1-4ECFDD860995}.Debug|Any CPU.Build.0 = Debug|Any CPU
		{C5215216-5CDC-4DE0-A2E1-4ECFDD860995}.Release|Any CPU.ActiveCfg = Release|Any CPU
		{C5215216-5CDC-4DE0-A2E1-4ECFDD860995}.Release|Any CPU.Build.0 = Release|Any CPU
	EndGlobalSection
	GlobalSection(SolutionProperties) = preSolution
		HideSolutionNode = FALSE
	EndGlobalSection
	GlobalSection(ExtensibilityGlobals) = postSolution
		SolutionGuid = {900A25E6-54F4-4714-A7A5-E257B71A032A}
	EndGlobalSection
EndGlobal
